
Microsoft Visual Studio Solution File, Format Version 12.00
# Visual Studio Version 16
VisualStudioVersion = 16.0.31005.135
MinimumVisualStudioVersion = 10.0.40219.1
Project("{FAE04EC0-301F-11D3-BF4B-00C04F79EFBC}") = "ProceesChildTree", "ProceesChildTree\ProceesChildTree.csproj", "{985F5762-4617-4C99-874E-7F8116062F72}"
EndProject
Project("{2150E333-8FDC-42A3-9474-1A3956D46DE8}") = "Solution Items", "Solution Items", "{1C76D361-C983-426B-8D11-3663E1BB7BE3}"
	ProjectSection(SolutionItems) = preProject
		.editorconfig = .editorconfig
	EndProjectSection
EndProject
Global
	GlobalSection(SolutionConfigurationPlatforms) = preSolution
		Debug|Any CPU = Debug|Any CPU
		Release|Any CPU = Release|Any CPU
	EndGlobalSection
	GlobalSection(ProjectConfigurationPlatforms) = postSolution
		{985F5762-4617-4C99-874E-7F8116062F72}.Debug|Any CPU.ActiveCfg = Debug|Any CPU
		{985F5762-4617-4C99-874E-7F8116062F72}.Debug|Any CPU.Build.0 = Debug|Any CPU
		{985F5762-4617-4C99-874E-7F8116062F72}.Release|Any CPU.ActiveCfg = Release|Any CPU
		{985F5762-4617-4C99-874E-7F8116062F72}.Release|Any CPU.Build.0 = Release|Any CPU
	EndGlobalSection
	GlobalSection(SolutionProperties) = preSolution
		HideSolutionNode = FALSE
	EndGlobalSection
	GlobalSection(ExtensibilityGlobals) = postSolution
		SolutionGuid = {7DD505ED-520F-4E38-9D50-74FB64AC806B}
	EndGlobalSection
EndGlobal
